
Microsoft Visual Studio Solution File, Format Version 12.00
# Visual Studio Version 17
VisualStudioVersion = 17.9.34701.34
MinimumVisualStudioVersion = 10.0.40219.1
Project("{FAE04EC0-301F-11D3-BF4B-00C04F79EFBC}") = "HireMeF", "HireMeF.csproj", "{A08072FC-8590-47EB-9B56-82DD05D8469F}"
EndProject
Global
	GlobalSection(SolutionConfigurationPlatforms) = preSolution
		Debug|Any CPU = Debug|Any CPU
		Release|Any CPU = Release|Any CPU
	EndGlobalSection
	GlobalSection(ProjectConfigurationPlatforms) = postSolution
		{A08072FC-8590-47EB-9B56-82DD05D8469F}.Debug|Any CPU.ActiveCfg = Debug|Any CPU
		{A08072FC-8590-47EB-9B56-82DD05D8469F}.Debug|Any CPU.Build.0 = Debug|Any CPU
		{A08072FC-8590-47EB-9B56-82DD05D8469F}.Release|Any CPU.ActiveCfg = Release|Any CPU
		{A08072FC-8590-47EB-9B56-82DD05D8469F}.Release|Any CPU.Build.0 = Release|Any CPU
	EndGlobalSection
	GlobalSection(SolutionProperties) = preSolution
		HideSolutionNode = FALSE
	EndGlobalSection
	GlobalSection(ExtensibilityGlobals) = postSolution
		SolutionGuid = {81ECB16E-8D6E-46F5-BC47-EC83A755300C}
	EndGlobalSection
EndGlobal
